
Microsoft Visual Studio Solution File, Format Version 12.00
# Visual Studio 15
Project("{FAE04EC0-301F-11D3-BF4B-00C04F79EFBC}") = "SwipeViewDemo.Android", "SwipeViewDemo.Android\SwipeViewDemo.Android.csproj", "{C2A29EE7-134D-45A7-A885-9AD220922A4C}"
EndProject
Project("{FAE04EC0-301F-11D3-BF4B-00C04F79EFBC}") = "SwipeViewDemo.iOS", "SwipeViewDemo.iOS\SwipeViewDemo.iOS.csproj", "{CFF7572C-E57A-4754-9D92-F48FC4FF077D}"
EndProject
Project("{FAE04EC0-301F-11D3-BF4B-00C04F79EFBC}") = "SwipeViewDemo", "SwipeViewDemo\SwipeViewDemo.csproj", "{8F90E370-410D-445F-A2DA-7C20A6663CA9}"
EndProject
Global
	GlobalSection(SolutionConfigurationPlatforms) = preSolution
		Debug|Any CPU = Debug|Any CPU
		Release|Any CPU = Release|Any CPU
		Debug|iPhoneSimulator = Debug|iPhoneSimulator
		Release|iPhoneSimulator = Release|iPhoneSimulator
		Debug|iPhone = Debug|iPhone
		Release|iPhone = Release|iPhone
	EndGlobalSection
	GlobalSection(ProjectConfigurationPlatforms) = postSolution
		{C2A29EE7-134D-45A7-A885-9AD220922A4C}.Debug|Any CPU.ActiveCfg = Debug|Any CPU
		{C2A29EE7-134D-45A7-A885-9AD220922A4C}.Debug|Any CPU.Build.0 = Debug|Any CPU
		{C2A29EE7-134D-45A7-A885-9AD220922A4C}.Release|Any CPU.ActiveCfg = Release|Any CPU
		{C2A29EE7-134D-45A7-A885-9AD220922A4C}.Release|Any CPU.Build.0 = Release|Any CPU
		{C2A29EE7-134D-45A7-A885-9AD220922A4C}.Debug|iPhoneSimulator.ActiveCfg = Debug|Any CPU
		{C2A29EE7-134D-45A7-A885-9AD220922A4C}.Debug|iPhoneSimulator.Build.0 = Debug|Any CPU
		{C2A29EE7-134D-45A7-A885-9AD220922A4C}.Release|iPhoneSimulator.ActiveCfg = Release|Any CPU
		{C2A29EE7-134D-45A7-A885-9AD220922A4C}.Release|iPhoneSimulator.Build.0 = Release|Any CPU
		{C2A29EE7-134D-45A7-A885-9AD220922A4C}.Debug|iPhone.ActiveCfg = Debug|Any CPU
		{C2A29EE7-134D-45A7-A885-9AD220922A4C}.Debug|iPhone.Build.0 = Debug|Any CPU
		{C2A29EE7-134D-45A7-A885-9AD220922A4C}.Release|iPhone.ActiveCfg = Release|Any CPU
		{C2A29EE7-134D-45A7-A885-9AD220922A4C}.Release|iPhone.Build.0 = Release|Any CPU
		{CFF7572C-E57A-4754-9D92-F48FC4FF077D}.Debug|Any CPU.ActiveCfg = Debug|iPhoneSimulator
		{CFF7572C-E57A-4754-9D92-F48FC4FF077D}.Debug|Any CPU.Build.0 = Debug|iPhoneSimulator
		{CFF7572C-E57A-4754-9D92-F48FC4FF077D}.Release|Any CPU.ActiveCfg = Release|iPhoneSimulator
		{CFF7572C-E57A-4754-9D92-F48FC4FF077D}.Release|Any CPU.Build.0 = Release|iPhoneSimulator
		{CFF7572C-E57A-4754-9D92-F48FC4FF077D}.Debug|iPhoneSimulator.ActiveCfg = Debug|iPhoneSimulator
		{CFF7572C-E57A-4754-9D92-F48FC4FF077D}.Debug|iPhoneSimulator.Build.0 = Debug|iPhoneSimulator
		{CFF7572C-E57A-4754-9D92-F48FC4FF077D}.Release|iPhoneSimulator.ActiveCfg = Release|iPhoneSimulator
		{CFF7572C-E57A-4754-9D92-F48FC4FF077D}.Release|iPhoneSimulator.Build.0 = Release|iPhoneSimulator
		{CFF7572C-E57A-4754-9D92-F48FC4FF077D}.Debug|iPhone.ActiveCfg = Debug|iPhone
		{CFF7572C-E57A-4754-9D92-F48FC4FF077D}.Debug|iPhone.Build.0 = Debug|iPhone
		{CFF7572C-E57A-4754-9D92-F48FC4FF077D}.Release|iPhone.ActiveCfg = Release|iPhone
		{CFF7572C-E57A-4754-9D92-F48FC4FF077D}.Release|iPhone.Build.0 = Release|iPhone
		{8F90E370-410D-445F-A2DA-7C20A6663CA9}.Debug|Any CPU.ActiveCfg = Debug|Any CPU
		{8F90E370-410D-445F-A2DA-7C20A6663CA9}.Debug|Any CPU.Build.0 = Debug|Any CPU
		{8F90E370-410D-445F-A2DA-7C20A6663CA9}.Release|Any CPU.ActiveCfg = Release|Any CPU
		{8F90E370-410D-445F-A2DA-7C20A6663CA9}.Release|Any CPU.Build.0 = Release|Any CPU
		{8F90E370-410D-445F-A2DA-7C20A6663CA9}.Debug|iPhoneSimulator.ActiveCfg = Debug|Any CPU
		{8F90E370-410D-445F-A2DA-7C20A6663CA9}.Debug|iPhoneSimulator.Build.0 = Debug|Any CPU
		{8F90E370-410D-445F-A2DA-7C20A6663CA9}.Release|iPhoneSimulator.ActiveCfg = Release|Any CPU
		{8F90E370-410D-445F-A2DA-7C20A6663CA9}.Release|iPhoneSimulator.Build.0 = Release|Any CPU
		{8F90E370-410D-445F-A2DA-7C20A6663CA9}.Debug|iPhone.ActiveCfg = Debug|Any CPU
		{8F90E370-410D-445F-A2DA-7C20A6663CA9}.Debug|iPhone.Build.0 = Debug|Any CPU
		{8F90E370-410D-445F-A2DA-7C20A6663CA9}.Release|iPhone.ActiveCfg = Release|Any CPU
		{8F90E370-410D-445F-A2DA-7C20A6663CA9}.Release|iPhone.Build.0 = Release|Any CPU
	EndGlobalSection
EndGlobal
